
Microsoft Visual Studio Solution File, Format Version 12.00
# Visual Studio 2013
VisualStudioVersion = 12.0.21005.1
MinimumVisualStudioVersion = 10.0.40219.1
Project("{FAE04EC0-301F-11D3-BF4B-00C04F79EFBC}") = "MVCConsoleDemo1", "MVCConsoleDemo1\MVCConsoleDemo1.csproj", "{2F41CA8B-A4DE-4FC8-B70D-52DCB70B83FE}"
EndProject
Project("{FAE04EC0-301F-11D3-BF4B-00C04F79EFBC}") = "MVCConsoleDemo2", "MVCConsoleDemo2\MVCConsoleDemo2.csproj", "{AE19CD55-88F3-4445-A6D2-1E2F2B47E273}"
EndProject
Project("{FAE04EC0-301F-11D3-BF4B-00C04F79EFBC}") = "MVCConsoleDemo3", "MVCConsoleDemo3\MVCConsoleDemo3.csproj", "{4FFFBCAB-84D4-4163-A445-7920148E9C5F}"
EndProject
Global
	GlobalSection(SolutionConfigurationPlatforms) = preSolution
		Debug|Any CPU = Debug|Any CPU
		Release|Any CPU = Release|Any CPU
	EndGlobalSection
	GlobalSection(ProjectConfigurationPlatforms) = postSolution
		{2F41CA8B-A4DE-4FC8-B70D-52DCB70B83FE}.Debug|Any CPU.ActiveCfg = Debug|Any CPU
		{2F41CA8B-A4DE-4FC8-B70D-52DCB70B83FE}.Debug|Any CPU.Build.0 = Debug|Any CPU
		{2F41CA8B-A4DE-4FC8-B70D-52DCB70B83FE}.Release|Any CPU.ActiveCfg = Release|Any CPU
		{2F41CA8B-A4DE-4FC8-B70D-52DCB70B83FE}.Release|Any CPU.Build.0 = Release|Any CPU
		{AE19CD55-88F3-4445-A6D2-1E2F2B47E273}.Debug|Any CPU.ActiveCfg = Debug|Any CPU
		{AE19CD55-88F3-4445-A6D2-1E2F2B47E273}.Debug|Any CPU.Build.0 = Debug|Any CPU
		{AE19CD55-88F3-4445-A6D2-1E2F2B47E273}.Release|Any CPU.ActiveCfg = Release|Any CPU
		{AE19CD55-88F3-4445-A6D2-1E2F2B47E273}.Release|Any CPU.Build.0 = Release|Any CPU
		{4FFFBCAB-84D4-4163-A445-7920148E9C5F}.Debug|Any CPU.ActiveCfg = Debug|Any CPU
		{4FFFBCAB-84D4-4163-A445-7920148E9C5F}.Debug|Any CPU.Build.0 = Debug|Any CPU
		{4FFFBCAB-84D4-4163-A445-7920148E9C5F}.Release|Any CPU.ActiveCfg = Release|Any CPU
		{4FFFBCAB-84D4-4163-A445-7920148E9C5F}.Release|Any CPU.Build.0 = Release|Any CPU
	EndGlobalSection
	GlobalSection(SolutionProperties) = preSolution
		HideSolutionNode = FALSE
	EndGlobalSection
EndGlobal
